
Microsoft Visual Studio Solution File, Format Version 12.00
# Visual Studio Version 17
VisualStudioVersion = 17.4.33122.133
MinimumVisualStudioVersion = 10.0.40219.1
Project("{9A19103F-16F7-4668-BE54-9A1E7A4F7556}") = "Day1", "Day1\Day1.csproj", "{247865C9-E7B8-4914-B6BB-701C0D4B603D}"
EndProject
Project("{9A19103F-16F7-4668-BE54-9A1E7A4F7556}") = "Day2", "Day2\Day2.csproj", "{45D5D67B-D2DE-40F6-8686-E24F92AF7C33}"
EndProject
Project("{FAE04EC0-301F-11D3-BF4B-00C04F79EFBC}") = "Day4", "Day4\Day4.csproj", "{F4E77869-C935-4AD9-906D-8605DE9B7D0B}"
EndProject
Global
	GlobalSection(SolutionConfigurationPlatforms) = preSolution
		Debug|Any CPU = Debug|Any CPU
		Release|Any CPU = Release|Any CPU
	EndGlobalSection
	GlobalSection(ProjectConfigurationPlatforms) = postSolution
		{247865C9-E7B8-4914-B6BB-701C0D4B603D}.Debug|Any CPU.ActiveCfg = Debug|Any CPU
		{247865C9-E7B8-4914-B6BB-701C0D4B603D}.Debug|Any CPU.Build.0 = Debug|Any CPU
		{247865C9-E7B8-4914-B6BB-701C0D4B603D}.Release|Any CPU.ActiveCfg = Release|Any CPU
		{247865C9-E7B8-4914-B6BB-701C0D4B603D}.Release|Any CPU.Build.0 = Release|Any CPU
		{45D5D67B-D2DE-40F6-8686-E24F92AF7C33}.Debug|Any CPU.ActiveCfg = Debug|Any CPU
		{45D5D67B-D2DE-40F6-8686-E24F92AF7C33}.Debug|Any CPU.Build.0 = Debug|Any CPU
		{45D5D67B-D2DE-40F6-8686-E24F92AF7C33}.Release|Any CPU.ActiveCfg = Release|Any CPU
		{45D5D67B-D2DE-40F6-8686-E24F92AF7C33}.Release|Any CPU.Build.0 = Release|Any CPU
		{F4E77869-C935-4AD9-906D-8605DE9B7D0B}.Debug|Any CPU.ActiveCfg = Debug|Any CPU
		{F4E77869-C935-4AD9-906D-8605DE9B7D0B}.Debug|Any CPU.Build.0 = Debug|Any CPU
		{F4E77869-C935-4AD9-906D-8605DE9B7D0B}.Release|Any CPU.ActiveCfg = Release|Any CPU
		{F4E77869-C935-4AD9-906D-8605DE9B7D0B}.Release|Any CPU.Build.0 = Release|Any CPU
	EndGlobalSection
	GlobalSection(SolutionProperties) = preSolution
		HideSolutionNode = FALSE
	EndGlobalSection
	GlobalSection(ExtensibilityGlobals) = postSolution
		SolutionGuid = {8CA0AF61-3649-4FEB-B492-B9AC03EEBFB1}
	EndGlobalSection
EndGlobal
